// !$*UTF8*$!
{
	archiveVersion = 1;
	classes = {
	};
	objectVersion = 46;
	objects = {

/* Begin PBXBuildFile section */
		FCA4D7961C3EED4600DE21B7 /* AppDelegate.swift in Sources */ = {isa = PBXBuildFile; fileRef = FCA4D7951C3EED4600DE21B7 /* AppDelegate.swift */; };
		FCA4D7981C3EED4600DE21B7 /* ViewController.swift in Sources */ = {isa = PBXBuildFile; fileRef = FCA4D7971C3EED4600DE21B7 /* ViewController.swift */; };
		FCA4D79B1C3EED4600DE21B7 /* Main.storyboard in Resources */ = {isa = PBXBuildFile; fileRef = FCA4D7991C3EED4600DE21B7 /* Main.storyboard */; };
		FCA4D79D1C3EED4600DE21B7 /* Assets.xcassets in Resources */ = {isa = PBXBuildFile; fileRef = FCA4D79C1C3EED4600DE21B7 /* Assets.xcassets */; };
		FCA4D7A01C3EED4600DE21B7 /* LaunchScreen.storyboard in Resources */ = {isa = PBXBuildFile; fileRef = FCA4D79E1C3EED4600DE21B7 /* LaunchScreen.storyboard */; };
		FCA4D7A81C3EED9D00DE21B7 /* DatePickerDialog.swift in Sources */ = {isa = PBXBuildFile; fileRef = FCA4D7A71C3EED9D00DE21B7 /* DatePickerDialog.swift */; settings = {ASSET_TAGS = (); }; };
/* End PBXBuildFile section */

/* Begin PBXFileReference section */
		FCA4D7921C3EED4600DE21B7 /* DatePickerDialogExample.app */ = {isa = PBXFileReference; explicitFileType = wrapper.application; includeInIndex = 0; path = DatePickerDialogExample.app; sourceTree = BUILT_PRODUCTS_DIR; };
		FCA4D7951C3EED4600DE21B7 /* AppDelegate.swift */ = {isa = PBXFileReference; lastKnownFileType = sourcecode.swift; path = AppDelegate.swift; sourceTree = "<group>"; };
		FCA4D7971C3EED4600DE21B7 /* ViewController.swift */ = {isa = PBXFileReference; lastKnownFileType = sourcecode.swift; path = ViewController.swift; sourceTree = "<group>"; };
		FCA4D79A1C3EED4600DE21B7 /* Base */ = {isa = PBXFileReference; lastKnownFileType = file.storyboard; name = Base; path = Base.lproj/Main.storyboard; sourceTree = "<group>"; };
		FCA4D79C1C3EED4600DE21B7 /* Assets.xcassets */ = {isa = PBXFileReference; lastKnownFileType = folder.assetcatalog; path = Assets.xcassets; sourceTree = "<group>"; };
		FCA4D79F1C3EED4600DE21B7 /* Base */ = {isa = PBXFileReference; lastKnownFileType = file.storyboard; name = Base; path = Base.lproj/LaunchScreen.storyboard; sourceTree = "<group>"; };
		FCA4D7A11C3EED4600DE21B7 /* Info.plist */ = {isa = PBXFileReference; lastKnownFileType = text.plist.xml; path = Info.plist; sourceTree = "<group>"; };
		FCA4D7A71C3EED9D00DE21B7 /* DatePickerDialog.swift */ = {isa = PBXFileReference; fileEncoding = 4; lastKnownFileType = sourcecode.swift; path = DatePickerDialog.swift; sourceTree = "<group>"; };
/* End PBXFileReference section */

/* Begin PBXFrameworksBuildPhase section */
		FCA4D78F1C3EED4600DE21B7 /* Frameworks */ = {
			isa = PBXFrameworksBuildPhase;
			buildActionMask = 2147483647;
			files = (
			);
			runOnlyForDeploymentPostprocessing = 0;
		};
/* End PBXFrameworksBuildPhase section */

/* Begin PBXGroup section */
		FCA4D7891C3EED4600DE21B7 = {
			isa = PBXGroup;
			children = (
				FCA4D7941C3EED4600DE21B7 /* DatePickerDialogExample */,
				FCA4D7931C3EED4600DE21B7 /* Products */,
			);
			sourceTree = "<group>";
		};
		FCA4D7931C3EED4600DE21B7 /* Products */ = {
			isa = PBXGroup;
			children = (
				FCA4D7921C3EED4600DE21B7 /* DatePickerDialogExample.app */,
			);
			name = Products;
			sourceTree = "<group>";
		};
		FCA4D7941C3EED4600DE21B7 /* DatePickerDialogExample */ = {
			isa = PBXGroup;
			children = (
				FCA4D7A71C3EED9D00DE21B7 /* DatePickerDialog.swift */,
				FCA4D7951C3EED4600DE21B7 /* AppDelegate.swift */,
				FCA4D7971C3EED4600DE21B7 /* ViewController.swift */,
				FCA4D7991C3EED4600DE21B7 /* Main.storyboard */,
				FCA4D79C1C3EED4600DE21B7 /* Assets.xcassets */,
				FCA4D79E1C3EED4600DE21B7 /* LaunchScreen.storyboard */,
				FCA4D7A11C3EED4600DE21B7 /* Info.plist */,
			);
			path = DatePickerDialogExample;
			sourceTree = "<group>";
		};
/* End PBXGroup section */

/* Begin PBXNativeTarget section */
		FCA4D7911C3EED4600DE21B7 /* DatePickerDialogExample */ = {
			isa = PBXNativeTarget;
			buildConfigurationList = FCA4D7A41C3EED4600DE21B7 /* Build configuration list for PBXNativeTarget "DatePickerDialogExample" */;
			buildPhases = (
				FCA4D78E1C3EED4600DE21B7 /* Sources */,
				FCA4D78F1C3EED4600DE21B7 /* Frameworks */,
				FCA4D7901C3EED4600DE21B7 /* Resources */,
			);
			buildRules = (
			);
			dependencies = (
			);
			name = DatePickerDialogExample;
			productName = DatePickerDialogExample;
			productReference = FCA4D7921C3EED4600DE21B7 /* DatePickerDialogExample.app */;
			productType = "com.apple.product-type.application";
		};
/* End PBXNativeTarget section */

/* Begin PBXProject section */
		FCA4D78A1C3EED4600DE21B7 /* Project object */ = {
			isa = PBXProject;
			attributes = {
				LastUpgradeCheck = 0700;
				ORGANIZATIONNAME = Prandom;
				TargetAttributes = {
					FCA4D7911C3EED4600DE21B7 = {
						CreatedOnToolsVersion = 7.0;
					};
				};
			};
			buildConfigurationList = FCA4D78D1C3EED4600DE21B7 /* Build configuration list for PBXProject "DatePickerDialogExample" */;
			compatibilityVersion = "Xcode 3.2";
			developmentRegion = English;
			hasScannedForEncodings = 0;
			knownRegions = (
				en,
				Base,
			);
			mainGroup = FCA4D7891C3EED4600DE21B7;
			productRefGroup = FCA4D7931C3EED4600DE21B7 /* Products */;
			projectDirPath = "";
			projectRoot = "";
			targets = (
				FCA4D7911C3EED4600DE21B7 /* DatePickerDialogExample */,
			);
		};
/* End PBXProject section */

/* Begin PBXResourcesBuildPhase section */
		FCA4D7901C3EED4600DE21B7 /* Resources */ = {
			isa = PBXResourcesBuildPhase;
			buildActionMask = 2147483647;
			files = (
				FCA4D7A01C3EED4600DE21B7 /* LaunchScreen.storyboard in Resources */,
				FCA4D79D1C3EED4600DE21B7 /* Assets.xcassets in Resources */,
				FCA4D79B1C3EED4600DE21B7 /* Main.storyboard in Resources */,
			);
			runOnlyForDeploymentPostprocessing = 0;
		};
/* End PBXResourcesBuildPhase section */

/* Begin PBXSourcesBuildPhase section */
		FCA4D78E1C3EED4600DE21B7 /* Sources */ = {
			isa = PBXSourcesBuildPhase;
			buildActionMask = 2147483647;
			files = (
				FCA4D7981C3EED4600DE21B7 /* ViewController.swift in Sources */,
				FCA4D7961C3EED4600DE21B7 /* AppDelegate.swift in Sources */,
				FCA4D7A81C3EED9D00DE21B7 /* DatePickerDialog.swift in Sources */,
			);
			runOnlyForDeploymentPostprocessing = 0;
		};
/* End PBXSourcesBuildPhase section */

/* Begin PBXVariantGroup section */
		FCA4D7991C3EED4600DE21B7 /* Main.storyboard */ = {
			isa = PBXVariantGroup;
			children = (
				FCA4D79A1C3EED4600DE21B7 /* Base */,
			);
			name = Main.storyboard;
			sourceTree = "<group>";
		};
		FCA4D79E1C3EED4600DE21B7 /* LaunchScreen.storyboard */ = {
			isa = PBXVariantGroup;
			children = (
				FCA4D79F1C3EED4600DE21B7 /* Base */,
			);
			name = LaunchScreen.storyboard;
			sourceTree = "<group>";
		};
/* End PBXVariantGroup section */

/* Begin XCBuildConfiguration section */
		FCA4D7A21C3EED4600DE21B7 /* Debug */ = {
			isa = XCBuildConfiguration;
			buildSettings = {
				ALWAYS_SEARCH_USER_PATHS = NO;
				CLANG_CXX_LANGUAGE_STANDARD = "gnu++0x";
				CLANG_CXX_LIBRARY = "libc++";
				CLANG_ENABLE_MODULES = YES;
				CLANG_ENABLE_OBJC_ARC = YES;
				CLANG_WARN_BOOL_CONVERSION = YES;
				CLANG_WARN_CONSTANT_CONVERSION = YES;
				CLANG_WARN_DIRECT_OBJC_ISA_USAGE = YES_ERROR;
				CLANG_WARN_EMPTY_BODY = YES;
				CLANG_WARN_ENUM_CONVERSION = YES;
				CLANG_WARN_INT_CONVERSION = YES;
				CLANG_WARN_OBJC_ROOT_CLASS = YES_ERROR;
				CLANG_WARN_UNREACHABLE_CODE = YES;
				CLANG_WARN__DUPLICATE_METHOD_MATCH = YES;
				"CODE_SIGN_IDENTITY[sdk=iphoneos*]" = "iPhone Developer";
				COPY_PHASE_STRIP = NO;
				DEBUG_INFORMATION_FORMAT = dwarf;
				ENABLE_STRICT_OBJC_MSGSEND = YES;
				ENABLE_TESTABILITY = YES;
				GCC_C_LANGUAGE_STANDARD = gnu99;
				GCC_DYNAMIC_NO_PIC = NO;
				GCC_NO_COMMON_BLOCKS = YES;
				GCC_OPTIMIZATION_LEVEL = 0;
				GCC_PREPROCESSOR_DEFINITIONS = (
					"DEBUG=1",
					"$(inherited)",
				);
				GCC_WARN_64_TO_32_BIT_CONVERSION = YES;
				GCC_WARN_ABOUT_RETURN_TYPE = YES_ERROR;
				GCC_WARN_UNDECLARED_SELECTOR = YES;
				GCC_WARN_UNINITIALIZED_AUTOS = YES_AGGRESSIVE;
				GCC_WARN_UNUSED_FUNCTION = YES;
				GCC_WARN_UNUSED_VARIABLE = YES;
				IPHONEOS_DEPLOYMENT_TARGET = 9.0;
				MTL_ENABLE_DEBUG_INFO = YES;
				ONLY_ACTIVE_ARCH = YES;
				SDKROOT = iphoneos;
				SWIFT_OPTIMIZATION_LEVEL = "-Onone";
				TARGETED_DEVICE_FAMILY = "1,2";
			};
			name = Debug;
		};
		FCA4D7A31C3EED4600DE21B7 /* Release */ = {
			isa = XCBuildConfiguration;
			buildSettings = {
				ALWAYS_SEARCH_USER_PATHS = NO;
				CLANG_CXX_LANGUAGE_STANDARD = "gnu++0x";
				CLANG_CXX_LIBRARY = "libc++";
				CLANG_ENABLE_MODULES = YES;
				CLANG_ENABLE_OBJC_ARC = YES;
				CLANG_WARN_BOOL_CONVERSION = YES;
				CLANG_WARN_CONSTANT_CONVERSION = YES;
				CLANG_WARN_DIRECT_OBJC_ISA_USAGE = YES_ERROR;
				CLANG_WARN_EMPTY_BODY = YES;
				CLANG_WARN_ENUM_CONVERSION = YES;
				CLANG_WARN_INT_CONVERSION = YES;
				CLANG_WARN_OBJC_ROOT_CLASS = YES_ERROR;
				CLANG_WARN_UNREACHABLE_CODE = YES;
				CLANG_WARN__DUPLICATE_METHOD_MATCH = YES;
				"CODE_SIGN_IDENTITY[sdk=iphoneos*]" = "iPhone Developer";
				COPY_PHASE_STRIP = NO;
				DEBUG_INFORMATION_FORMAT = "dwarf-with-dsym";
				ENABLE_NS_ASSERTIONS = NO;
				ENABLE_STRICT_OBJC_MSGSEND = YES;
				GCC_C_LANGUAGE_STANDARD = gnu99;
				GCC_NO_COMMON_BLOCKS = YES;
				GCC_WARN_64_TO_32_BIT_CONVERSION = YES;
				GCC_WARN_ABOUT_RETURN_TYPE = YES_ERROR;
				GCC_WARN_UNDECLARED_SELECTOR = YES;
				GCC_WARN_UNINITIALIZED_AUTOS = YES_AGGRESSIVE;
				GCC_WARN_UNUSED_FUNCTION = YES;
				GCC_WARN_UNUSED_VARIABLE = YES;
				IPHONEOS_DEPLOYMENT_TARGET = 9.0;
				MTL_ENABLE_DEBUG_INFO = NO;
				SDKROOT = iphoneos;
				TARGETED_DEVICE_FAMILY = "1,2";
				VALIDATE_PRODUCT = YES;
			};
			name = Release;
		};
		FCA4D7A51C3EED4600DE21B7 /* Debug */ = {
			isa = XCBuildConfiguration;
			buildSettings = {
				ASSETCATALOG_COMPILER_APPICON_NAME = AppIcon;
				INFOPLIST_FILE = DatePickerDialogExample/Info.plist;
				LD_RUNPATH_SEARCH_PATHS = "$(inherited) @executable_path/Frameworks";
				PRODUCT_BUNDLE_IDENTIFIER = com.prandom.DatePickerDialogExample;
				PRODUCT_NAME = "$(TARGET_NAME)";
			};
			name = Debug;
		};
		FCA4D7A61C3EED4600DE21B7 /* Release */ = {
			isa = XCBuildConfiguration;
			buildSettings = {
				ASSETCATALOG_COMPILER_APPICON_NAME = AppIcon;
				INFOPLIST_FILE = DatePickerDialogExample/Info.plist;
				LD_RUNPATH_SEARCH_PATHS = "$(inherited) @executable_path/Frameworks";
				PRODUCT_BUNDLE_IDENTIFIER = com.prandom.DatePickerDialogExample;
				PRODUCT_NAME = "$(TARGET_NAME)";
			};
			name = Release;
		};
/* End XCBuildConfiguration section */

/* Begin XCConfigurationList section */
		FCA4D78D1C3EED4600DE21B7 /* Build configuration list for PBXProject "DatePickerDialogExample" */ = {
			isa = XCConfigurationList;
			buildConfigurations = (
				FCA4D7A21C3EED4600DE21B7 /* Debug */,
				FCA4D7A31C3EED4600DE21B7 /* Release */,
			);
			defaultConfigurationIsVisible = 0;
			defaultConfigurationName = Release;
		};
		FCA4D7A41C3EED4600DE21B7 /* Build configuration list for PBXNativeTarget "DatePickerDialogExample" */ = {
			isa = XCConfigurationList;
			buildConfigurations = (
				FCA4D7A51C3EED4600DE21B7 /* Debug */,
				FCA4D7A61C3EED4600DE21B7 /* Release */,
			);
			defaultConfigurationIsVisible = 0;
		};
/* End XCConfigurationList section */
	};
	rootObject = FCA4D78A1C3EED4600DE21B7 /* Project object */;
}
